
Microsoft Visual Studio Solution File, Format Version 12.00
# Visual Studio 15
VisualStudioVersion = 15.0.27703.2042
MinimumVisualStudioVersion = 10.0.40219.1
Project("{FAE04EC0-301F-11D3-BF4B-00C04F79EFBC}") = "LiteDB.Issues.Tests", "LiteDB.Issues.Tests\LiteDB.Issues.Tests.csproj", "{4FCD0D23-8642-4F44-860A-E684C0B6E10A}"
EndProject
Project("{2150E333-8FDC-42A3-9474-1A3956D46DE8}") = "Solution Items", "Solution Items", "{AD826496-AD10-4F03-A15E-46A0DF031B40}"
	ProjectSection(SolutionItems) = preProject
		.gitattributes = .gitattributes
		.gitignore = .gitignore
	EndProjectSection
EndProject
Global
	GlobalSection(SolutionConfigurationPlatforms) = preSolution
		Debug|Any CPU = Debug|Any CPU
		Release|Any CPU = Release|Any CPU
	EndGlobalSection
	GlobalSection(ProjectConfigurationPlatforms) = postSolution
		{4FCD0D23-8642-4F44-860A-E684C0B6E10A}.Debug|Any CPU.ActiveCfg = Debug|Any CPU
		{4FCD0D23-8642-4F44-860A-E684C0B6E10A}.Debug|Any CPU.Build.0 = Debug|Any CPU
		{4FCD0D23-8642-4F44-860A-E684C0B6E10A}.Release|Any CPU.ActiveCfg = Release|Any CPU
		{4FCD0D23-8642-4F44-860A-E684C0B6E10A}.Release|Any CPU.Build.0 = Release|Any CPU
	EndGlobalSection
	GlobalSection(SolutionProperties) = preSolution
		HideSolutionNode = FALSE
	EndGlobalSection
	GlobalSection(ExtensibilityGlobals) = postSolution
		SolutionGuid = {45002436-688D-474F-9A2A-67BDF3092D55}
	EndGlobalSection
EndGlobal
